// !$*UTF8*$!
{
	archiveVersion = 1;
	classes = {
	};
	objectVersion = 51;
	objects = {

/* Begin PBXBuildFile section */
		06B19B857D64812F0C806D61 /* Pods_GravityPuzzleGame.framework in Frameworks */ = {isa = PBXBuildFile; fileRef = D4791BA45269FC65688B4B35 /* Pods_GravityPuzzleGame.framework */; };
		232738D830D81DEC94D14E39 /* Pods_GravityPuzzleGameTests.framework in Frameworks */ = {isa = PBXBuildFile; fileRef = 8E05FD7F684591E02E6AD6C7 /* Pods_GravityPuzzleGameTests.framework */; };
		92126E0522E124790004CAA2 /* YellowBlock.sks in Resources */ = {isa = PBXBuildFile; fileRef = 92126E0422E124790004CAA2 /* YellowBlock.sks */; };
		92126E0822E124C70004CAA2 /* RedBlock.sks in Resources */ = {isa = PBXBuildFile; fileRef = 92126E0622E124C70004CAA2 /* RedBlock.sks */; };
		9233712222E12886007CB0D4 /* BlueBlock.sks in Resources */ = {isa = PBXBuildFile; fileRef = 9233712022E12886007CB0D4 /* BlueBlock.sks */; };
		9233712D22E12AB1007CB0D4 /* GreenBlock.sks in Resources */ = {isa = PBXBuildFile; fileRef = 9233712C22E12AB1007CB0D4 /* GreenBlock.sks */; };
		9248E19822D3B31400114C5A /* AppDelegate.swift in Sources */ = {isa = PBXBuildFile; fileRef = 9248E19722D3B31400114C5A /* AppDelegate.swift */; };
		9248E19E22D3B31400114C5A /* GameScene.swift in Sources */ = {isa = PBXBuildFile; fileRef = 9248E19D22D3B31400114C5A /* GameScene.swift */; };
		9248E1A022D3B31400114C5A /* GameViewController.swift in Sources */ = {isa = PBXBuildFile; fileRef = 9248E19F22D3B31400114C5A /* GameViewController.swift */; };
		9248E1A322D3B31400114C5A /* Main.storyboard in Resources */ = {isa = PBXBuildFile; fileRef = 9248E1A122D3B31400114C5A /* Main.storyboard */; };
		9248E1A522D3B31500114C5A /* Assets.xcassets in Resources */ = {isa = PBXBuildFile; fileRef = 9248E1A422D3B31500114C5A /* Assets.xcassets */; };
		9248E1A822D3B31500114C5A /* LaunchScreen.storyboard in Resources */ = {isa = PBXBuildFile; fileRef = 9248E1A622D3B31500114C5A /* LaunchScreen.storyboard */; };
		9248E1CD22D3B64900114C5A /* Pack.swift in Sources */ = {isa = PBXBuildFile; fileRef = 9248E1CC22D3B64900114C5A /* Pack.swift */; };
		9248E1D222D3B69A00114C5A /* PackController.swift in Sources */ = {isa = PBXBuildFile; fileRef = 9248E1D122D3B69A00114C5A /* PackController.swift */; };
		9248E1D622D3B6C000114C5A /* Level.swift in Sources */ = {isa = PBXBuildFile; fileRef = 9248E1D522D3B6C000114C5A /* Level.swift */; };
		9248E1D822D3B71400114C5A /* Block.swift in Sources */ = {isa = PBXBuildFile; fileRef = 9248E1D722D3B71400114C5A /* Block.swift */; };
		9248E1DC22D3B73600114C5A /* Wall.swift in Sources */ = {isa = PBXBuildFile; fileRef = 9248E1DB22D3B73600114C5A /* Wall.swift */; };
		924AE13B22D51052001D0C8A /* BlockController.swift in Sources */ = {isa = PBXBuildFile; fileRef = 924AE13A22D51052001D0C8A /* BlockController.swift */; };
		924AE13D22D51347001D0C8A /* LevelController.swift in Sources */ = {isa = PBXBuildFile; fileRef = 924AE13C22D51347001D0C8A /* LevelController.swift */; };
		9258B19A22E23ACC00A154DB /* ParticleScene.swift in Sources */ = {isa = PBXBuildFile; fileRef = 9258B19922E23ACC00A154DB /* ParticleScene.swift */; };
		9258B19C22E2400600A154DB /* SettingsViewController.swift in Sources */ = {isa = PBXBuildFile; fileRef = 9258B19B22E2400600A154DB /* SettingsViewController.swift */; };
		925FA0C122E21DB2002C716C /* PersistanceManager.swift in Sources */ = {isa = PBXBuildFile; fileRef = 925FA0C022E21DB2002C716C /* PersistanceManager.swift */; };
		92890DF822DCD5A000689A8D /* Positions.swift in Sources */ = {isa = PBXBuildFile; fileRef = 92890DF722DCD5A000689A8D /* Positions.swift */; };
		92890DFA22DCD5DA00689A8D /* Sizes.swift in Sources */ = {isa = PBXBuildFile; fileRef = 92890DF922DCD5DA00689A8D /* Sizes.swift */; };
		92890DFC22DE2E6800689A8D /* IntExtention.swift in Sources */ = {isa = PBXBuildFile; fileRef = 92890DFB22DE2E6800689A8D /* IntExtention.swift */; };
		92BFDD3F22D3DA8700470085 /* Settings.swift in Sources */ = {isa = PBXBuildFile; fileRef = 92BFDD3E22D3DA8700470085 /* Settings.swift */; };
		92E594E622D6474000FC02B0 /* WallController.swift in Sources */ = {isa = PBXBuildFile; fileRef = 92E594E522D6474000FC02B0 /* WallController.swift */; };
		92E594E822D6550B00FC02B0 /* TitleScreenViewController.swift in Sources */ = {isa = PBXBuildFile; fileRef = 92E594E722D6550B00FC02B0 /* TitleScreenViewController.swift */; };
		92E594EA22D6551B00FC02B0 /* LevelSelectViewController.swift in Sources */ = {isa = PBXBuildFile; fileRef = 92E594E922D6551B00FC02B0 /* LevelSelectViewController.swift */; };
		92E594EC22D6552600FC02B0 /* PackSelectViewController.swift in Sources */ = {isa = PBXBuildFile; fileRef = 92E594EB22D6552600FC02B0 /* PackSelectViewController.swift */; };
		92E594EF22D662C400FC02B0 /* LevelCollectionViewCell.swift in Sources */ = {isa = PBXBuildFile; fileRef = 92E594EE22D662C400FC02B0 /* LevelCollectionViewCell.swift */; };
		92E594F122D684E400FC02B0 /* GameWonViewController.swift in Sources */ = {isa = PBXBuildFile; fileRef = 92E594F022D684E400FC02B0 /* GameWonViewController.swift */; };
		92E594F322D6A57500FC02B0 /* NavigationViewController.swift in Sources */ = {isa = PBXBuildFile; fileRef = 92E594F222D6A57500FC02B0 /* NavigationViewController.swift */; };
		B14643E257C61E3AEA0D5C64 /* Pods_GravityPuzzleGameUITests.framework in Frameworks */ = {isa = PBXBuildFile; fileRef = 89B569F58CCF61871108150B /* Pods_GravityPuzzleGameUITests.framework */; };
/* End PBXBuildFile section */

/* Begin PBXContainerItemProxy section */
		9248E1AF22D3B31500114C5A /* PBXContainerItemProxy */ = {
			isa = PBXContainerItemProxy;
			containerPortal = 9248E18C22D3B31300114C5A /* Project object */;
			proxyType = 1;
			remoteGlobalIDString = 9248E19322D3B31300114C5A;
			remoteInfo = GravityPuzzleGame;
		};
		9248E1BA22D3B31500114C5A /* PBXContainerItemProxy */ = {
			isa = PBXContainerItemProxy;
			containerPortal = 9248E18C22D3B31300114C5A /* Project object */;
			proxyType = 1;
			remoteGlobalIDString = 9248E19322D3B31300114C5A;
			remoteInfo = GravityPuzzleGame;
		};
/* End PBXContainerItemProxy section */

/* Begin PBXFileReference section */
		2AFB5020846B6E587BFA1C54 /* Pods-GravityPuzzleGameTests.release.xcconfig */ = {isa = PBXFileReference; includeInIndex = 1; lastKnownFileType = text.xcconfig; name = "Pods-GravityPuzzleGameTests.release.xcconfig"; path = "Target Support Files/Pods-GravityPuzzleGameTests/Pods-GravityPuzzleGameTests.release.xcconfig"; sourceTree = "<group>"; };
		665D13CD171527A9B50E89D5 /* Pods-GravityPuzzleGame.release.xcconfig */ = {isa = PBXFileReference; includeInIndex = 1; lastKnownFileType = text.xcconfig; name = "Pods-GravityPuzzleGame.release.xcconfig"; path = "Target Support Files/Pods-GravityPuzzleGame/Pods-GravityPuzzleGame.release.xcconfig"; sourceTree = "<group>"; };
		77B100EBB907ED54F1C96389 /* Pods-GravityPuzzleGameUITests.debug.xcconfig */ = {isa = PBXFileReference; includeInIndex = 1; lastKnownFileType = text.xcconfig; name = "Pods-GravityPuzzleGameUITests.debug.xcconfig"; path = "Target Support Files/Pods-GravityPuzzleGameUITests/Pods-GravityPuzzleGameUITests.debug.xcconfig"; sourceTree = "<group>"; };
		8581FCFC57B309CFC68CD1ED /* Pods-GravityPuzzleGameTests.debug.xcconfig */ = {isa = PBXFileReference; includeInIndex = 1; lastKnownFileType = text.xcconfig; name = "Pods-GravityPuzzleGameTests.debug.xcconfig"; path = "Target Support Files/Pods-GravityPuzzleGameTests/Pods-GravityPuzzleGameTests.debug.xcconfig"; sourceTree = "<group>"; };
		89B569F58CCF61871108150B /* Pods_GravityPuzzleGameUITests.framework */ = {isa = PBXFileReference; explicitFileType = wrapper.framework; includeInIndex = 0; path = Pods_GravityPuzzleGameUITests.framework; sourceTree = BUILT_PRODUCTS_DIR; };
		8E05FD7F684591E02E6AD6C7 /* Pods_GravityPuzzleGameTests.framework */ = {isa = PBXFileReference; explicitFileType = wrapper.framework; includeInIndex = 0; path = Pods_GravityPuzzleGameTests.framework; sourceTree = BUILT_PRODUCTS_DIR; };
		92126E0422E124790004CAA2 /* YellowBlock.sks */ = {isa = PBXFileReference; lastKnownFileType = file.sks; path = YellowBlock.sks; sourceTree = "<group>"; };
		92126E0622E124C70004CAA2 /* RedBlock.sks */ = {isa = PBXFileReference; lastKnownFileType = file.sks; path = RedBlock.sks; sourceTree = "<group>"; };
		9233712022E12886007CB0D4 /* BlueBlock.sks */ = {isa = PBXFileReference; lastKnownFileType = file.sks; path = BlueBlock.sks; sourceTree = "<group>"; };
		9233712C22E12AB1007CB0D4 /* GreenBlock.sks */ = {isa = PBXFileReference; lastKnownFileType = file.sks; path = GreenBlock.sks; sourceTree = "<group>"; };
		9248E19422D3B31400114C5A /* GravityPuzzleGame.app */ = {isa = PBXFileReference; explicitFileType = wrapper.application; includeInIndex = 0; path = GravityPuzzleGame.app; sourceTree = BUILT_PRODUCTS_DIR; };
		9248E19722D3B31400114C5A /* AppDelegate.swift */ = {isa = PBXFileReference; lastKnownFileType = sourcecode.swift; path = AppDelegate.swift; sourceTree = "<group>"; };
		9248E19D22D3B31400114C5A /* GameScene.swift */ = {isa = PBXFileReference; lastKnownFileType = sourcecode.swift; path = GameScene.swift; sourceTree = "<group>"; };
		9248E19F22D3B31400114C5A /* GameViewController.swift */ = {isa = PBXFileReference; lastKnownFileType = sourcecode.swift; path = GameViewController.swift; sourceTree = "<group>"; };
		9248E1A222D3B31400114C5A /* Base */ = {isa = PBXFileReference; lastKnownFileType = file.storyboard; name = Base; path = Base.lproj/Main.storyboard; sourceTree = "<group>"; };
		9248E1A422D3B31500114C5A /* Assets.xcassets */ = {isa = PBXFileReference; lastKnownFileType = folder.assetcatalog; path = Assets.xcassets; sourceTree = "<group>"; };
		9248E1A722D3B31500114C5A /* Base */ = {isa = PBXFileReference; lastKnownFileType = file.storyboard; name = Base; path = Base.lproj/LaunchScreen.storyboard; sourceTree = "<group>"; };
		9248E1A922D3B31500114C5A /* Info.plist */ = {isa = PBXFileReference; lastKnownFileType = text.plist.xml; path = Info.plist; sourceTree = "<group>"; };
		9248E1AE22D3B31500114C5A /* GravityPuzzleGameTests.xctest */ = {isa = PBXFileReference; explicitFileType = wrapper.cfbundle; includeInIndex = 0; path = GravityPuzzleGameTests.xctest; sourceTree = BUILT_PRODUCTS_DIR; };
		9248E1B922D3B31500114C5A /* GravityPuzzleGameUITests.xctest */ = {isa = PBXFileReference; explicitFileType = wrapper.cfbundle; includeInIndex = 0; path = GravityPuzzleGameUITests.xctest; sourceTree = BUILT_PRODUCTS_DIR; };
		9248E1CC22D3B64900114C5A /* Pack.swift */ = {isa = PBXFileReference; lastKnownFileType = sourcecode.swift; path = Pack.swift; sourceTree = "<group>"; };
		9248E1D122D3B69A00114C5A /* PackController.swift */ = {isa = PBXFileReference; lastKnownFileType = sourcecode.swift; path = PackController.swift; sourceTree = "<group>"; };
		9248E1D522D3B6C000114C5A /* Level.swift */ = {isa = PBXFileReference; lastKnownFileType = sourcecode.swift; path = Level.swift; sourceTree = "<group>"; };
		9248E1D722D3B71400114C5A /* Block.swift */ = {isa = PBXFileReference; lastKnownFileType = sourcecode.swift; path = Block.swift; sourceTree = "<group>"; };
		9248E1DB22D3B73600114C5A /* Wall.swift */ = {isa = PBXFileReference; lastKnownFileType = sourcecode.swift; path = Wall.swift; sourceTree = "<group>"; };
		924AE13A22D51052001D0C8A /* BlockController.swift */ = {isa = PBXFileReference; lastKnownFileType = sourcecode.swift; path = BlockController.swift; sourceTree = "<group>"; };
		924AE13C22D51347001D0C8A /* LevelController.swift */ = {isa = PBXFileReference; lastKnownFileType = sourcecode.swift; path = LevelController.swift; sourceTree = "<group>"; };
		9258B19922E23ACC00A154DB /* ParticleScene.swift */ = {isa = PBXFileReference; lastKnownFileType = sourcecode.swift; path = ParticleScene.swift; sourceTree = "<group>"; };
		9258B19B22E2400600A154DB /* SettingsViewController.swift */ = {isa = PBXFileReference; lastKnownFileType = sourcecode.swift; path = SettingsViewController.swift; sourceTree = "<group>"; };
		925FA0C022E21DB2002C716C /* PersistanceManager.swift */ = {isa = PBXFileReference; lastKnownFileType = sourcecode.swift; path = PersistanceManager.swift; sourceTree = "<group>"; };
		92890DF722DCD5A000689A8D /* Positions.swift */ = {isa = PBXFileReference; lastKnownFileType = sourcecode.swift; path = Positions.swift; sourceTree = "<group>"; };
		92890DF922DCD5DA00689A8D /* Sizes.swift */ = {isa = PBXFileReference; lastKnownFileType = sourcecode.swift; path = Sizes.swift; sourceTree = "<group>"; };
		92890DFB22DE2E6800689A8D /* IntExtention.swift */ = {isa = PBXFileReference; lastKnownFileType = sourcecode.swift; path = IntExtention.swift; sourceTree = "<group>"; };
		92BFDD3E22D3DA8700470085 /* Settings.swift */ = {isa = PBXFileReference; lastKnownFileType = sourcecode.swift; path = Settings.swift; sourceTree = "<group>"; };
		92E594E522D6474000FC02B0 /* WallController.swift */ = {isa = PBXFileReference; lastKnownFileType = sourcecode.swift; path = WallController.swift; sourceTree = "<group>"; };
		92E594E722D6550B00FC02B0 /* TitleScreenViewController.swift */ = {isa = PBXFileReference; lastKnownFileType = sourcecode.swift; path = TitleScreenViewController.swift; sourceTree = "<group>"; };
		92E594E922D6551B00FC02B0 /* LevelSelectViewController.swift */ = {isa = PBXFileReference; lastKnownFileType = sourcecode.swift; path = LevelSelectViewController.swift; sourceTree = "<group>"; };
		92E594EB22D6552600FC02B0 /* PackSelectViewController.swift */ = {isa = PBXFileReference; lastKnownFileType = sourcecode.swift; path = PackSelectViewController.swift; sourceTree = "<group>"; };
		92E594EE22D662C400FC02B0 /* LevelCollectionViewCell.swift */ = {isa = PBXFileReference; lastKnownFileType = sourcecode.swift; path = LevelCollectionViewCell.swift; sourceTree = "<group>"; };
		92E594F022D684E400FC02B0 /* GameWonViewController.swift */ = {isa = PBXFileReference; lastKnownFileType = sourcecode.swift; path = GameWonViewController.swift; sourceTree = "<group>"; };
		92E594F222D6A57500FC02B0 /* NavigationViewController.swift */ = {isa = PBXFileReference; lastKnownFileType = sourcecode.swift; path = NavigationViewController.swift; sourceTree = "<group>"; };
		B4184D879F8878B5F5EB9179 /* Pods-GravityPuzzleGameUITests.release.xcconfig */ = {isa = PBXFileReference; includeInIndex = 1; lastKnownFileType = text.xcconfig; name = "Pods-GravityPuzzleGameUITests.release.xcconfig"; path = "Target Support Files/Pods-GravityPuzzleGameUITests/Pods-GravityPuzzleGameUITests.release.xcconfig"; sourceTree = "<group>"; };
		D4791BA45269FC65688B4B35 /* Pods_GravityPuzzleGame.framework */ = {isa = PBXFileReference; explicitFileType = wrapper.framework; includeInIndex = 0; path = Pods_GravityPuzzleGame.framework; sourceTree = BUILT_PRODUCTS_DIR; };
		E76C4A569F35595CEF42CDE0 /* Pods-GravityPuzzleGame.debug.xcconfig */ = {isa = PBXFileReference; includeInIndex = 1; lastKnownFileType = text.xcconfig; name = "Pods-GravityPuzzleGame.debug.xcconfig"; path = "Target Support Files/Pods-GravityPuzzleGame/Pods-GravityPuzzleGame.debug.xcconfig"; sourceTree = "<group>"; };
/* End PBXFileReference section */

/* Begin PBXFrameworksBuildPhase section */
		9248E19122D3B31300114C5A /* Frameworks */ = {
			isa = PBXFrameworksBuildPhase;
			buildActionMask = 2147483647;
			files = (
				06B19B857D64812F0C806D61 /* Pods_GravityPuzzleGame.framework in Frameworks */,
			);
			runOnlyForDeploymentPostprocessing = 0;
		};
		9248E1AB22D3B31500114C5A /* Frameworks */ = {
			isa = PBXFrameworksBuildPhase;
			buildActionMask = 2147483647;
			files = (
				232738D830D81DEC94D14E39 /* Pods_GravityPuzzleGameTests.framework in Frameworks */,
			);
			runOnlyForDeploymentPostprocessing = 0;
		};
		9248E1B622D3B31500114C5A /* Frameworks */ = {
			isa = PBXFrameworksBuildPhase;
			buildActionMask = 2147483647;
			files = (
				B14643E257C61E3AEA0D5C64 /* Pods_GravityPuzzleGameUITests.framework in Frameworks */,
			);
			runOnlyForDeploymentPostprocessing = 0;
		};
/* End PBXFrameworksBuildPhase section */

/* Begin PBXGroup section */
		86048899CC0D8CAEFD5BAD92 /* Frameworks */ = {
			isa = PBXGroup;
			children = (
				D4791BA45269FC65688B4B35 /* Pods_GravityPuzzleGame.framework */,
				8E05FD7F684591E02E6AD6C7 /* Pods_GravityPuzzleGameTests.framework */,
				89B569F58CCF61871108150B /* Pods_GravityPuzzleGameUITests.framework */,
			);
			name = Frameworks;
			sourceTree = "<group>";
		};
		92126DFF22E1241B0004CAA2 /* Particles */ = {
			isa = PBXGroup;
			children = (
				92126E0422E124790004CAA2 /* YellowBlock.sks */,
				92126E0622E124C70004CAA2 /* RedBlock.sks */,
				9233712022E12886007CB0D4 /* BlueBlock.sks */,
				9233712C22E12AB1007CB0D4 /* GreenBlock.sks */,
			);
			path = Particles;
			sourceTree = "<group>";
		};
		9248E18B22D3B31300114C5A = {
			isa = PBXGroup;
			children = (
				9248E19622D3B31400114C5A /* GravityPuzzleGame */,
				9248E19522D3B31400114C5A /* Products */,
				B4B7C9BBE77C4AE8DD6A4541 /* Pods */,
				86048899CC0D8CAEFD5BAD92 /* Frameworks */,
			);
			sourceTree = "<group>";
		};
		9248E19522D3B31400114C5A /* Products */ = {
			isa = PBXGroup;
			children = (
				9248E19422D3B31400114C5A /* GravityPuzzleGame.app */,
				9248E1AE22D3B31500114C5A /* GravityPuzzleGameTests.xctest */,
				9248E1B922D3B31500114C5A /* GravityPuzzleGameUITests.xctest */,
			);
			name = Products;
			sourceTree = "<group>";
		};
		9248E19622D3B31400114C5A /* GravityPuzzleGame */ = {
			isa = PBXGroup;
			children = (
				9248E1CB22D3B34200114C5A /* Resources */,
				92E594ED22D6629000FC02B0 /* Views */,
				9248E1CF22D3B68700114C5A /* Controllers */,
				9248E1D022D3B68E00114C5A /* Models */,
				92BFDD4022D3DA8C00470085 /* Template */,
				92890DF022DCD42F00689A8D /* PositionsAndSizes */,
			);
			path = GravityPuzzleGame;
			sourceTree = "<group>";
		};
		9248E1CB22D3B34200114C5A /* Resources */ = {
			isa = PBXGroup;
			children = (
				9248E19722D3B31400114C5A /* AppDelegate.swift */,
				9248E1A422D3B31500114C5A /* Assets.xcassets */,
				9248E1A622D3B31500114C5A /* LaunchScreen.storyboard */,
				9248E1A922D3B31500114C5A /* Info.plist */,
				92126DFF22E1241B0004CAA2 /* Particles */,
			);
			path = Resources;
			sourceTree = "<group>";
		};
		9248E1CE22D3B67A00114C5A /* Scenes */ = {
			isa = PBXGroup;
			children = (
				9248E19D22D3B31400114C5A /* GameScene.swift */,
				9258B19922E23ACC00A154DB /* ParticleScene.swift */,
			);
			path = Scenes;
			sourceTree = "<group>";
		};
		9248E1CF22D3B68700114C5A /* Controllers */ = {
			isa = PBXGroup;
			children = (
				9248E1D322D3B6A700114C5A /* ViewControllers */,
				9248E1D422D3B6AF00114C5A /* ModelControllers */,
				9248E1CE22D3B67A00114C5A /* Scenes */,
			);
			path = Controllers;
			sourceTree = "<group>";
		};
		9248E1D022D3B68E00114C5A /* Models */ = {
			isa = PBXGroup;
			children = (
				9248E1CC22D3B64900114C5A /* Pack.swift */,
				9248E1D522D3B6C000114C5A /* Level.swift */,
				9248E1D722D3B71400114C5A /* Block.swift */,
				9248E1DB22D3B73600114C5A /* Wall.swift */,
			);
			path = Models;
			sourceTree = "<group>";
		};
		9248E1D322D3B6A700114C5A /* ViewControllers */ = {
			isa = PBXGroup;
			children = (
				92E594F222D6A57500FC02B0 /* NavigationViewController.swift */,
				9248E19F22D3B31400114C5A /* GameViewController.swift */,
				92E594E722D6550B00FC02B0 /* TitleScreenViewController.swift */,
				92E594E922D6551B00FC02B0 /* LevelSelectViewController.swift */,
				92E594EB22D6552600FC02B0 /* PackSelectViewController.swift */,
				92E594F022D684E400FC02B0 /* GameWonViewController.swift */,
				925FA0C022E21DB2002C716C /* PersistanceManager.swift */,
				9258B19B22E2400600A154DB /* SettingsViewController.swift */,
			);
			path = ViewControllers;
			sourceTree = "<group>";
		};
		9248E1D422D3B6AF00114C5A /* ModelControllers */ = {
			isa = PBXGroup;
			children = (
				9248E1D122D3B69A00114C5A /* PackController.swift */,
				924AE13A22D51052001D0C8A /* BlockController.swift */,
				924AE13C22D51347001D0C8A /* LevelController.swift */,
				92E594E522D6474000FC02B0 /* WallController.swift */,
			);
			path = ModelControllers;
			sourceTree = "<group>";
		};
		92890DF022DCD42F00689A8D /* PositionsAndSizes */ = {
			isa = PBXGroup;
			children = (
				92890DF722DCD5A000689A8D /* Positions.swift */,
				92890DF922DCD5DA00689A8D /* Sizes.swift */,
			);
			path = PositionsAndSizes;
			sourceTree = "<group>";
		};
		92BFDD4022D3DA8C00470085 /* Template */ = {
			isa = PBXGroup;
			children = (
				92BFDD3E22D3DA8700470085 /* Settings.swift */,
				92890DFB22DE2E6800689A8D /* IntExtention.swift */,
			);
			path = Template;
			sourceTree = "<group>";
		};
		92E594ED22D6629000FC02B0 /* Views */ = {
			isa = PBXGroup;
			children = (
				9248E1A122D3B31400114C5A /* Main.storyboard */,
				92E594EE22D662C400FC02B0 /* LevelCollectionViewCell.swift */,
			);
			path = Views;
			sourceTree = "<group>";
		};
		B4B7C9BBE77C4AE8DD6A4541 /* Pods */ = {
			isa = PBXGroup;
			children = (
				E76C4A569F35595CEF42CDE0 /* Pods-GravityPuzzleGame.debug.xcconfig */,
				665D13CD171527A9B50E89D5 /* Pods-GravityPuzzleGame.release.xcconfig */,
				8581FCFC57B309CFC68CD1ED /* Pods-GravityPuzzleGameTests.debug.xcconfig */,
				2AFB5020846B6E587BFA1C54 /* Pods-GravityPuzzleGameTests.release.xcconfig */,
				77B100EBB907ED54F1C96389 /* Pods-GravityPuzzleGameUITests.debug.xcconfig */,
				B4184D879F8878B5F5EB9179 /* Pods-GravityPuzzleGameUITests.release.xcconfig */,
			);
			path = Pods;
			sourceTree = "<group>";
		};
/* End PBXGroup section */

/* Begin PBXNativeTarget section */
		9248E19322D3B31300114C5A /* GravityPuzzleGame */ = {
			isa = PBXNativeTarget;
			buildConfigurationList = 9248E1C222D3B31500114C5A /* Build configuration list for PBXNativeTarget "GravityPuzzleGame" */;
			buildPhases = (
				16AA85EB59B2B20E3D9B20C4 /* [CP] Check Pods Manifest.lock */,
				9248E19022D3B31300114C5A /* Sources */,
				9248E19122D3B31300114C5A /* Frameworks */,
				9248E19222D3B31300114C5A /* Resources */,
				378F4A110C0DF5B67897191F /* [CP] Embed Pods Frameworks */,
			);
			buildRules = (
			);
			dependencies = (
			);
			name = GravityPuzzleGame;
			productName = GravityPuzzleGame;
			productReference = 9248E19422D3B31400114C5A /* GravityPuzzleGame.app */;
			productType = "com.apple.product-type.application";
		};
		9248E1AD22D3B31500114C5A /* GravityPuzzleGameTests */ = {
			isa = PBXNativeTarget;
			buildConfigurationList = 9248E1C522D3B31500114C5A /* Build configuration list for PBXNativeTarget "GravityPuzzleGameTests" */;
			buildPhases = (
				D8F0B129D310955E1D0EB564 /* [CP] Check Pods Manifest.lock */,
				9248E1AA22D3B31500114C5A /* Sources */,
				9248E1AB22D3B31500114C5A /* Frameworks */,
				9248E1AC22D3B31500114C5A /* Resources */,
			);
			buildRules = (
			);
			dependencies = (
				9248E1B022D3B31500114C5A /* PBXTargetDependency */,
			);
			name = GravityPuzzleGameTests;
			productName = GravityPuzzleGameTests;
			productReference = 9248E1AE22D3B31500114C5A /* GravityPuzzleGameTests.xctest */;
			productType = "com.apple.product-type.bundle.unit-test";
		};
		9248E1B822D3B31500114C5A /* GravityPuzzleGameUITests */ = {
			isa = PBXNativeTarget;
			buildConfigurationList = 9248E1C822D3B31500114C5A /* Build configuration list for PBXNativeTarget "GravityPuzzleGameUITests" */;
			buildPhases = (
				21101CB247A26A780F6B7B70 /* [CP] Check Pods Manifest.lock */,
				9248E1B522D3B31500114C5A /* Sources */,
				9248E1B622D3B31500114C5A /* Frameworks */,
				9248E1B722D3B31500114C5A /* Resources */,
			);
			buildRules = (
			);
			dependencies = (
				9248E1BB22D3B31500114C5A /* PBXTargetDependency */,
			);
			name = GravityPuzzleGameUITests;
			productName = GravityPuzzleGameUITests;
			productReference = 9248E1B922D3B31500114C5A /* GravityPuzzleGameUITests.xctest */;
			productType = "com.apple.product-type.bundle.ui-testing";
		};
/* End PBXNativeTarget section */

/* Begin PBXProject section */
		9248E18C22D3B31300114C5A /* Project object */ = {
			isa = PBXProject;
			attributes = {
				LastSwiftUpdateCheck = 1020;
				LastUpgradeCheck = 1020;
				ORGANIZATIONNAME = "William Moody";
				TargetAttributes = {
					9248E19322D3B31300114C5A = {
						CreatedOnToolsVersion = 10.2.1;
						SystemCapabilities = {
							com.apple.GameCenter.iOS = {
								enabled = 0;
							};
						};
					};
					9248E1AD22D3B31500114C5A = {
						CreatedOnToolsVersion = 10.2.1;
						TestTargetID = 9248E19322D3B31300114C5A;
					};
					9248E1B822D3B31500114C5A = {
						CreatedOnToolsVersion = 10.2.1;
						TestTargetID = 9248E19322D3B31300114C5A;
					};
				};
			};
			buildConfigurationList = 9248E18F22D3B31300114C5A /* Build configuration list for PBXProject "GravityPuzzleGame" */;
			compatibilityVersion = "Xcode 9.3";
			developmentRegion = en;
			hasScannedForEncodings = 0;
			knownRegions = (
				en,
				Base,
			);
			mainGroup = 9248E18B22D3B31300114C5A;
			productRefGroup = 9248E19522D3B31400114C5A /* Products */;
			projectDirPath = "";
			projectRoot = "";
			targets = (
				9248E19322D3B31300114C5A /* GravityPuzzleGame */,
				9248E1AD22D3B31500114C5A /* GravityPuzzleGameTests */,
				9248E1B822D3B31500114C5A /* GravityPuzzleGameUITests */,
			);
		};
/* End PBXProject section */

/* Begin PBXResourcesBuildPhase section */
		9248E19222D3B31300114C5A /* Resources */ = {
			isa = PBXResourcesBuildPhase;
			buildActionMask = 2147483647;
			files = (
				9248E1A322D3B31400114C5A /* Main.storyboard in Resources */,
				9248E1A522D3B31500114C5A /* Assets.xcassets in Resources */,
				92126E0522E124790004CAA2 /* YellowBlock.sks in Resources */,
				9233712222E12886007CB0D4 /* BlueBlock.sks in Resources */,
				9248E1A822D3B31500114C5A /* LaunchScreen.storyboard in Resources */,
				9233712D22E12AB1007CB0D4 /* GreenBlock.sks in Resources */,
				92126E0822E124C70004CAA2 /* RedBlock.sks in Resources */,
			);
			runOnlyForDeploymentPostprocessing = 0;
		};
		9248E1AC22D3B31500114C5A /* Resources */ = {
			isa = PBXResourcesBuildPhase;
			buildActionMask = 2147483647;
			files = (
			);
			runOnlyForDeploymentPostprocessing = 0;
		};
		9248E1B722D3B31500114C5A /* Resources */ = {
			isa = PBXResourcesBuildPhase;
			buildActionMask = 2147483647;
			files = (
			);
			runOnlyForDeploymentPostprocessing = 0;
		};
/* End PBXResourcesBuildPhase section */

/* Begin PBXShellScriptBuildPhase section */
		16AA85EB59B2B20E3D9B20C4 /* [CP] Check Pods Manifest.lock */ = {
			isa = PBXShellScriptBuildPhase;
			buildActionMask = 2147483647;
			files = (
			);
			inputFileListPaths = (
			);
			inputPaths = (
				"${PODS_PODFILE_DIR_PATH}/Podfile.lock",
				"${PODS_ROOT}/Manifest.lock",
			);
			name = "[CP] Check Pods Manifest.lock";
			outputFileListPaths = (
			);
			outputPaths = (
				"$(DERIVED_FILE_DIR)/Pods-GravityPuzzleGame-checkManifestLockResult.txt",
			);
			runOnlyForDeploymentPostprocessing = 0;
			shellPath = /bin/sh;
			shellScript = "diff \"${PODS_PODFILE_DIR_PATH}/Podfile.lock\" \"${PODS_ROOT}/Manifest.lock\" > /dev/null\nif [ $? != 0 ] ; then\n    # print error to STDERR\n    echo \"error: The sandbox is not in sync with the Podfile.lock. Run 'pod install' or update your CocoaPods installation.\" >&2\n    exit 1\nfi\n# This output is used by Xcode 'outputs' to avoid re-running this script phase.\necho \"SUCCESS\" > \"${SCRIPT_OUTPUT_FILE_0}\"\n";
			showEnvVarsInLog = 0;
		};
		21101CB247A26A780F6B7B70 /* [CP] Check Pods Manifest.lock */ = {
			isa = PBXShellScriptBuildPhase;
			buildActionMask = 2147483647;
			files = (
			);
			inputFileListPaths = (
			);
			inputPaths = (
				"${PODS_PODFILE_DIR_PATH}/Podfile.lock",
				"${PODS_ROOT}/Manifest.lock",
			);
			name = "[CP] Check Pods Manifest.lock";
			outputFileListPaths = (
			);
			outputPaths = (
				"$(DERIVED_FILE_DIR)/Pods-GravityPuzzleGameUITests-checkManifestLockResult.txt",
			);
			runOnlyForDeploymentPostprocessing = 0;
			shellPath = /bin/sh;
			shellScript = "diff \"${PODS_PODFILE_DIR_PATH}/Podfile.lock\" \"${PODS_ROOT}/Manifest.lock\" > /dev/null\nif [ $? != 0 ] ; then\n    # print error to STDERR\n    echo \"error: The sandbox is not in sync with the Podfile.lock. Run 'pod install' or update your CocoaPods installation.\" >&2\n    exit 1\nfi\n# This output is used by Xcode 'outputs' to avoid re-running this script phase.\necho \"SUCCESS\" > \"${SCRIPT_OUTPUT_FILE_0}\"\n";
			showEnvVarsInLog = 0;
		};
		378F4A110C0DF5B67897191F /* [CP] Embed Pods Frameworks */ = {
			isa = PBXShellScriptBuildPhase;
			buildActionMask = 2147483647;
			files = (
			);
			inputFileListPaths = (
				"${PODS_ROOT}/Target Support Files/Pods-GravityPuzzleGame/Pods-GravityPuzzleGame-frameworks-${CONFIGURATION}-input-files.xcfilelist",
			);
			name = "[CP] Embed Pods Frameworks";
			outputFileListPaths = (
				"${PODS_ROOT}/Target Support Files/Pods-GravityPuzzleGame/Pods-GravityPuzzleGame-frameworks-${CONFIGURATION}-output-files.xcfilelist",
			);
			runOnlyForDeploymentPostprocessing = 0;
			shellPath = /bin/sh;
			shellScript = "\"${PODS_ROOT}/Target Support Files/Pods-GravityPuzzleGame/Pods-GravityPuzzleGame-frameworks.sh\"\n";
			showEnvVarsInLog = 0;
		};
		D8F0B129D310955E1D0EB564 /* [CP] Check Pods Manifest.lock */ = {
			isa = PBXShellScriptBuildPhase;
			buildActionMask = 2147483647;
			files = (
			);
			inputFileListPaths = (
			);
			inputPaths = (
				"${PODS_PODFILE_DIR_PATH}/Podfile.lock",
				"${PODS_ROOT}/Manifest.lock",
			);
			name = "[CP] Check Pods Manifest.lock";
			outputFileListPaths = (
			);
			outputPaths = (
				"$(DERIVED_FILE_DIR)/Pods-GravityPuzzleGameTests-checkManifestLockResult.txt",
			);
			runOnlyForDeploymentPostprocessing = 0;
			shellPath = /bin/sh;
			shellScript = "diff \"${PODS_PODFILE_DIR_PATH}/Podfile.lock\" \"${PODS_ROOT}/Manifest.lock\" > /dev/null\nif [ $? != 0 ] ; then\n    # print error to STDERR\n    echo \"error: The sandbox is not in sync with the Podfile.lock. Run 'pod install' or update your CocoaPods installation.\" >&2\n    exit 1\nfi\n# This output is used by Xcode 'outputs' to avoid re-running this script phase.\necho \"SUCCESS\" > \"${SCRIPT_OUTPUT_FILE_0}\"\n";
			showEnvVarsInLog = 0;
		};
/* End PBXShellScriptBuildPhase section */

/* Begin PBXSourcesBuildPhase section */
		9248E19022D3B31300114C5A /* Sources */ = {
			isa = PBXSourcesBuildPhase;
			buildActionMask = 2147483647;
			files = (
				92890DF822DCD5A000689A8D /* Positions.swift in Sources */,
				9248E1D622D3B6C000114C5A /* Level.swift in Sources */,
				9248E1CD22D3B64900114C5A /* Pack.swift in Sources */,
				92E594F122D684E400FC02B0 /* GameWonViewController.swift in Sources */,
				9248E1D222D3B69A00114C5A /* PackController.swift in Sources */,
				92E594E822D6550B00FC02B0 /* TitleScreenViewController.swift in Sources */,
				92E594E622D6474000FC02B0 /* WallController.swift in Sources */,
				924AE13B22D51052001D0C8A /* BlockController.swift in Sources */,
				9248E19E22D3B31400114C5A /* GameScene.swift in Sources */,
				92890DFC22DE2E6800689A8D /* IntExtention.swift in Sources */,
				92E594EF22D662C400FC02B0 /* LevelCollectionViewCell.swift in Sources */,
				925FA0C122E21DB2002C716C /* PersistanceManager.swift in Sources */,
				924AE13D22D51347001D0C8A /* LevelController.swift in Sources */,
				9248E1A022D3B31400114C5A /* GameViewController.swift in Sources */,
				92E594EC22D6552600FC02B0 /* PackSelectViewController.swift in Sources */,
				92E594F322D6A57500FC02B0 /* NavigationViewController.swift in Sources */,
				9248E1DC22D3B73600114C5A /* Wall.swift in Sources */,
				92BFDD3F22D3DA8700470085 /* Settings.swift in Sources */,
				92890DFA22DCD5DA00689A8D /* Sizes.swift in Sources */,
				9248E19822D3B31400114C5A /* AppDelegate.swift in Sources */,
				9248E1D822D3B71400114C5A /* Block.swift in Sources */,
				9258B19A22E23ACC00A154DB /* ParticleScene.swift in Sources */,
				92E594EA22D6551B00FC02B0 /* LevelSelectViewController.swift in Sources */,
				9258B19C22E2400600A154DB /* SettingsViewController.swift in Sources */,
			);
			runOnlyForDeploymentPostprocessing = 0;
		};
		9248E1AA22D3B31500114C5A /* Sources */ = {
			isa = PBXSourcesBuildPhase;
			buildActionMask = 2147483647;
			files = (
			);
			runOnlyForDeploymentPostprocessing = 0;
		};
		9248E1B522D3B31500114C5A /* Sources */ = {
			isa = PBXSourcesBuildPhase;
			buildActionMask = 2147483647;
			files = (
			);
			runOnlyForDeploymentPostprocessing = 0;
		};
/* End PBXSourcesBuildPhase section */

/* Begin PBXTargetDependency section */
		9248E1B022D3B31500114C5A /* PBXTargetDependency */ = {
			isa = PBXTargetDependency;
			target = 9248E19322D3B31300114C5A /* GravityPuzzleGame */;
			targetProxy = 9248E1AF22D3B31500114C5A /* PBXContainerItemProxy */;
		};
		9248E1BB22D3B31500114C5A /* PBXTargetDependency */ = {
			isa = PBXTargetDependency;
			target = 9248E19322D3B31300114C5A /* GravityPuzzleGame */;
			targetProxy = 9248E1BA22D3B31500114C5A /* PBXContainerItemProxy */;
		};
/* End PBXTargetDependency section */

/* Begin PBXVariantGroup section */
		9248E1A122D3B31400114C5A /* Main.storyboard */ = {
			isa = PBXVariantGroup;
			children = (
				9248E1A222D3B31400114C5A /* Base */,
			);
			name = Main.storyboard;
			sourceTree = "<group>";
		};
		9248E1A622D3B31500114C5A /* LaunchScreen.storyboard */ = {
			isa = PBXVariantGroup;
			children = (
				9248E1A722D3B31500114C5A /* Base */,
			);
			name = LaunchScreen.storyboard;
			sourceTree = "<group>";
		};
/* End PBXVariantGroup section */

/* Begin XCBuildConfiguration section */
		9248E1C022D3B31500114C5A /* Debug */ = {
			isa = XCBuildConfiguration;
			buildSettings = {
				ALWAYS_SEARCH_USER_PATHS = NO;
				CLANG_ANALYZER_NONNULL = YES;
				CLANG_ANALYZER_NUMBER_OBJECT_CONVERSION = YES_AGGRESSIVE;
				CLANG_CXX_LANGUAGE_STANDARD = "gnu++14";
				CLANG_CXX_LIBRARY = "libc++";
				CLANG_ENABLE_MODULES = YES;
				CLANG_ENABLE_OBJC_ARC = YES;
				CLANG_ENABLE_OBJC_WEAK = YES;
				CLANG_WARN_BLOCK_CAPTURE_AUTORELEASING = YES;
				CLANG_WARN_BOOL_CONVERSION = YES;
				CLANG_WARN_COMMA = YES;
				CLANG_WARN_CONSTANT_CONVERSION = YES;
				CLANG_WARN_DEPRECATED_OBJC_IMPLEMENTATIONS = YES;
				CLANG_WARN_DIRECT_OBJC_ISA_USAGE = YES_ERROR;
				CLANG_WARN_DOCUMENTATION_COMMENTS = YES;
				CLANG_WARN_EMPTY_BODY = YES;
				CLANG_WARN_ENUM_CONVERSION = YES;
				CLANG_WARN_INFINITE_RECURSION = YES;
				CLANG_WARN_INT_CONVERSION = YES;
				CLANG_WARN_NON_LITERAL_NULL_CONVERSION = YES;
				CLANG_WARN_OBJC_IMPLICIT_RETAIN_SELF = YES;
				CLANG_WARN_OBJC_LITERAL_CONVERSION = YES;
				CLANG_WARN_OBJC_ROOT_CLASS = YES_ERROR;
				CLANG_WARN_RANGE_LOOP_ANALYSIS = YES;
				CLANG_WARN_STRICT_PROTOTYPES = YES;
				CLANG_WARN_SUSPICIOUS_MOVE = YES;
				CLANG_WARN_UNGUARDED_AVAILABILITY = YES_AGGRESSIVE;
				CLANG_WARN_UNREACHABLE_CODE = YES;
				CLANG_WARN__DUPLICATE_METHOD_MATCH = YES;
				CODE_SIGN_IDENTITY = "iPhone Developer";
				COPY_PHASE_STRIP = NO;
				DEBUG_INFORMATION_FORMAT = dwarf;
				ENABLE_STRICT_OBJC_MSGSEND = YES;
				ENABLE_TESTABILITY = YES;
				GCC_C_LANGUAGE_STANDARD = gnu11;
				GCC_DYNAMIC_NO_PIC = NO;
				GCC_NO_COMMON_BLOCKS = YES;
				GCC_OPTIMIZATION_LEVEL = 0;
				GCC_PREPROCESSOR_DEFINITIONS = (
					"DEBUG=1",
					"$(inherited)",
				);
				GCC_WARN_64_TO_32_BIT_CONVERSION = YES;
				GCC_WARN_ABOUT_RETURN_TYPE = YES_ERROR;
				GCC_WARN_UNDECLARED_SELECTOR = YES;
				GCC_WARN_UNINITIALIZED_AUTOS = YES_AGGRESSIVE;
				GCC_WARN_UNUSED_FUNCTION = YES;
				GCC_WARN_UNUSED_VARIABLE = YES;
				IPHONEOS_DEPLOYMENT_TARGET = 12.2;
				MTL_ENABLE_DEBUG_INFO = INCLUDE_SOURCE;
				MTL_FAST_MATH = YES;
				ONLY_ACTIVE_ARCH = YES;
				SDKROOT = iphoneos;
				SWIFT_ACTIVE_COMPILATION_CONDITIONS = DEBUG;
				SWIFT_OPTIMIZATION_LEVEL = "-Onone";
			};
			name = Debug;
		};
		9248E1C122D3B31500114C5A /* Release */ = {
			isa = XCBuildConfiguration;
			buildSettings = {
				ALWAYS_SEARCH_USER_PATHS = NO;
				CLANG_ANALYZER_NONNULL = YES;
				CLANG_ANALYZER_NUMBER_OBJECT_CONVERSION = YES_AGGRESSIVE;
				CLANG_CXX_LANGUAGE_STANDARD = "gnu++14";
				CLANG_CXX_LIBRARY = "libc++";
				CLANG_ENABLE_MODULES = YES;
				CLANG_ENABLE_OBJC_ARC = YES;
				CLANG_ENABLE_OBJC_WEAK = YES;
				CLANG_WARN_BLOCK_CAPTURE_AUTORELEASING = YES;
				CLANG_WARN_BOOL_CONVERSION = YES;
				CLANG_WARN_COMMA = YES;
				CLANG_WARN_CONSTANT_CONVERSION = YES;
				CLANG_WARN_DEPRECATED_OBJC_IMPLEMENTATIONS = YES;
				CLANG_WARN_DIRECT_OBJC_ISA_USAGE = YES_ERROR;
				CLANG_WARN_DOCUMENTATION_COMMENTS = YES;
				CLANG_WARN_EMPTY_BODY = YES;
				CLANG_WARN_ENUM_CONVERSION = YES;
				CLANG_WARN_INFINITE_RECURSION = YES;
				CLANG_WARN_INT_CONVERSION = YES;
				CLANG_WARN_NON_LITERAL_NULL_CONVERSION = YES;
				CLANG_WARN_OBJC_IMPLICIT_RETAIN_SELF = YES;
				CLANG_WARN_OBJC_LITERAL_CONVERSION = YES;
				CLANG_WARN_OBJC_ROOT_CLASS = YES_ERROR;
				CLANG_WARN_RANGE_LOOP_ANALYSIS = YES;
				CLANG_WARN_STRICT_PROTOTYPES = YES;
				CLANG_WARN_SUSPICIOUS_MOVE = YES;
				CLANG_WARN_UNGUARDED_AVAILABILITY = YES_AGGRESSIVE;
				CLANG_WARN_UNREACHABLE_CODE = YES;
				CLANG_WARN__DUPLICATE_METHOD_MATCH = YES;
				CODE_SIGN_IDENTITY = "iPhone Developer";
				COPY_PHASE_STRIP = NO;
				DEBUG_INFORMATION_FORMAT = "dwarf-with-dsym";
				ENABLE_NS_ASSERTIONS = NO;
				ENABLE_STRICT_OBJC_MSGSEND = YES;
				GCC_C_LANGUAGE_STANDARD = gnu11;
				GCC_NO_COMMON_BLOCKS = YES;
				GCC_WARN_64_TO_32_BIT_CONVERSION = YES;
				GCC_WARN_ABOUT_RETURN_TYPE = YES_ERROR;
				GCC_WARN_UNDECLARED_SELECTOR = YES;
				GCC_WARN_UNINITIALIZED_AUTOS = YES_AGGRESSIVE;
				GCC_WARN_UNUSED_FUNCTION = YES;
				GCC_WARN_UNUSED_VARIABLE = YES;
				IPHONEOS_DEPLOYMENT_TARGET = 12.2;
				MTL_ENABLE_DEBUG_INFO = NO;
				MTL_FAST_MATH = YES;
				SDKROOT = iphoneos;
				SWIFT_COMPILATION_MODE = wholemodule;
				SWIFT_OPTIMIZATION_LEVEL = "-O";
				VALIDATE_PRODUCT = YES;
			};
			name = Release;
		};
		9248E1C322D3B31500114C5A /* Debug */ = {
			isa = XCBuildConfiguration;
			baseConfigurationReference = E76C4A569F35595CEF42CDE0 /* Pods-GravityPuzzleGame.debug.xcconfig */;
			buildSettings = {
				ASSETCATALOG_COMPILER_APPICON_NAME = AppIcon;
				CODE_SIGN_STYLE = Automatic;
				DEVELOPMENT_TEAM = F93N22S4T4;
				INFOPLIST_FILE = "$(SRCROOT)/GravityPuzzleGame/Resources/Info.plist";
				LD_RUNPATH_SEARCH_PATHS = (
					"$(inherited)",
					"@executable_path/Frameworks",
				);
				PRODUCT_BUNDLE_IDENTIFIER = "William-Moody.GravityPuzzleGame";
				PRODUCT_NAME = "$(TARGET_NAME)";
				SWIFT_VERSION = 5.0;
				TARGETED_DEVICE_FAMILY = "1,2";
			};
			name = Debug;
		};
		9248E1C422D3B31500114C5A /* Release */ = {
			isa = XCBuildConfiguration;
			baseConfigurationReference = 665D13CD171527A9B50E89D5 /* Pods-GravityPuzzleGame.release.xcconfig */;
			buildSettings = {
				ASSETCATALOG_COMPILER_APPICON_NAME = AppIcon;
				CODE_SIGN_STYLE = Automatic;
				DEVELOPMENT_TEAM = F93N22S4T4;
				INFOPLIST_FILE = "$(SRCROOT)/GravityPuzzleGame/Resources/Info.plist";
				LD_RUNPATH_SEARCH_PATHS = (
					"$(inherited)",
					"@executable_path/Frameworks",
				);
				PRODUCT_BUNDLE_IDENTIFIER = "William-Moody.GravityPuzzleGame";
				PRODUCT_NAME = "$(TARGET_NAME)";
				SWIFT_VERSION = 5.0;
				TARGETED_DEVICE_FAMILY = "1,2";
			};
			name = Release;
		};
		9248E1C622D3B31500114C5A /* Debug */ = {
			isa = XCBuildConfiguration;
			baseConfigurationReference = 8581FCFC57B309CFC68CD1ED /* Pods-GravityPuzzleGameTests.debug.xcconfig */;
			buildSettings = {
				ALWAYS_EMBED_SWIFT_STANDARD_LIBRARIES = YES;
				BUNDLE_LOADER = "$(TEST_HOST)";
				CODE_SIGN_STYLE = Automatic;
				INFOPLIST_FILE = GravityPuzzleGameTests/Info.plist;
				LD_RUNPATH_SEARCH_PATHS = (
					"$(inherited)",
					"@executable_path/Frameworks",
					"@loader_path/Frameworks",
				);
				PRODUCT_BUNDLE_IDENTIFIER = "William-Moody.GravityPuzzleGameTests";
				PRODUCT_NAME = "$(TARGET_NAME)";
				SWIFT_VERSION = 5.0;
				TARGETED_DEVICE_FAMILY = "1,2";
				TEST_HOST = "$(BUILT_PRODUCTS_DIR)/GravityPuzzleGame.app/GravityPuzzleGame";
			};
			name = Debug;
		};
		9248E1C722D3B31500114C5A /* Release */ = {
			isa = XCBuildConfiguration;
			baseConfigurationReference = 2AFB5020846B6E587BFA1C54 /* Pods-GravityPuzzleGameTests.release.xcconfig */;
			buildSettings = {
				ALWAYS_EMBED_SWIFT_STANDARD_LIBRARIES = YES;
				BUNDLE_LOADER = "$(TEST_HOST)";
				CODE_SIGN_STYLE = Automatic;
				INFOPLIST_FILE = GravityPuzzleGameTests/Info.plist;
				LD_RUNPATH_SEARCH_PATHS = (
					"$(inherited)",
					"@executable_path/Frameworks",
					"@loader_path/Frameworks",
				);
				PRODUCT_BUNDLE_IDENTIFIER = "William-Moody.GravityPuzzleGameTests";
				PRODUCT_NAME = "$(TARGET_NAME)";
				SWIFT_VERSION = 5.0;
				TARGETED_DEVICE_FAMILY = "1,2";
				TEST_HOST = "$(BUILT_PRODUCTS_DIR)/GravityPuzzleGame.app/GravityPuzzleGame";
			};
			name = Release;
		};
		9248E1C922D3B31500114C5A /* Debug */ = {
			isa = XCBuildConfiguration;
			baseConfigurationReference = 77B100EBB907ED54F1C96389 /* Pods-GravityPuzzleGameUITests.debug.xcconfig */;
			buildSettings = {
				ALWAYS_EMBED_SWIFT_STANDARD_LIBRARIES = YES;
				CODE_SIGN_STYLE = Automatic;
				INFOPLIST_FILE = GravityPuzzleGameUITests/Info.plist;
				LD_RUNPATH_SEARCH_PATHS = (
					"$(inherited)",
					"@executable_path/Frameworks",
					"@loader_path/Frameworks",
				);
				PRODUCT_BUNDLE_IDENTIFIER = "William-Moody.GravityPuzzleGameUITests";
				PRODUCT_NAME = "$(TARGET_NAME)";
				SWIFT_VERSION = 5.0;
				TARGETED_DEVICE_FAMILY = "1,2";
				TEST_TARGET_NAME = GravityPuzzleGame;
			};
			name = Debug;
		};
		9248E1CA22D3B31500114C5A /* Release */ = {
			isa = XCBuildConfiguration;
			baseConfigurationReference = B4184D879F8878B5F5EB9179 /* Pods-GravityPuzzleGameUITests.release.xcconfig */;
			buildSettings = {
				ALWAYS_EMBED_SWIFT_STANDARD_LIBRARIES = YES;
				CODE_SIGN_STYLE = Automatic;
				INFOPLIST_FILE = GravityPuzzleGameUITests/Info.plist;
				LD_RUNPATH_SEARCH_PATHS = (
					"$(inherited)",
					"@executable_path/Frameworks",
					"@loader_path/Frameworks",
				);
				PRODUCT_BUNDLE_IDENTIFIER = "William-Moody.GravityPuzzleGameUITests";
				PRODUCT_NAME = "$(TARGET_NAME)";
				SWIFT_VERSION = 5.0;
				TARGETED_DEVICE_FAMILY = "1,2";
				TEST_TARGET_NAME = GravityPuzzleGame;
			};
			name = Release;
		};
/* End XCBuildConfiguration section */

/* Begin XCConfigurationList section */
		9248E18F22D3B31300114C5A /* Build configuration list for PBXProject "GravityPuzzleGame" */ = {
			isa = XCConfigurationList;
			buildConfigurations = (
				9248E1C022D3B31500114C5A /* Debug */,
				9248E1C122D3B31500114C5A /* Release */,
			);
			defaultConfigurationIsVisible = 0;
			defaultConfigurationName = Release;
		};
		9248E1C222D3B31500114C5A /* Build configuration list for PBXNativeTarget "GravityPuzzleGame" */ = {
			isa = XCConfigurationList;
			buildConfigurations = (
				9248E1C322D3B31500114C5A /* Debug */,
				9248E1C422D3B31500114C5A /* Release */,
			);
			defaultConfigurationIsVisible = 0;
			defaultConfigurationName = Release;
		};
		9248E1C522D3B31500114C5A /* Build configuration list for PBXNativeTarget "GravityPuzzleGameTests" */ = {
			isa = XCConfigurationList;
			buildConfigurations = (
				9248E1C622D3B31500114C5A /* Debug */,
				9248E1C722D3B31500114C5A /* Release */,
			);
			defaultConfigurationIsVisible = 0;
			defaultConfigurationName = Release;
		};
		9248E1C822D3B31500114C5A /* Build configuration list for PBXNativeTarget "GravityPuzzleGameUITests" */ = {
			isa = XCConfigurationList;
			buildConfigurations = (
				9248E1C922D3B31500114C5A /* Debug */,
				9248E1CA22D3B31500114C5A /* Release */,
			);
			defaultConfigurationIsVisible = 0;
			defaultConfigurationName = Release;
		};
/* End XCConfigurationList section */
	};
	rootObject = 9248E18C22D3B31300114C5A /* Project object */;
}
